{
  "nodes": {
    "crane": {
      "locked": {
        "lastModified": 1779041105,
        "narHash": "sha256-nnGD2f8OlAZT2i5OfwikJsw+ifWfiA4d6A8BWlgOXV0=",
        "owner": "ipetkov",
        "repo": "crane",
        "rev": "10e6e3cb966f7cfcc789fe5eee7a85f3188ce08b",
        "type": "github"
      },
      "original": {
        "owner": "ipetkov",
        "repo": "crane",
        "type": "github"
      }
    },
    "flake-utils": {
      "inputs": {
        "systems": "systems"
      },
      "locked": {
        "lastModified": 1731533236,
        "narHash": "sha256-l0KFg5HjrsfsO/JpG+r7fRrqm12kzFHyUHqHCVpMMbI=",
        "owner": "numtide",
        "repo": "flake-utils",
        "rev": "11707dc2f618dd54ca8739b309ec4fc024de578b",
        "type": "github"
      },
      "original": {
        "owner": "numtide",
        "repo": "flake-utils",
        "type": "github"
      }
    },
    "flake-utils_2": {
      "inputs": {
        "systems": "systems_2"
      },
      "locked": {
        "lastModified": 1731533236,
        "narHash": "sha256-l0KFg5HjrsfsO/JpG+r7fRrqm12kzFHyUHqHCVpMMbI=",
        "owner": "numtide",
        "repo": "flake-utils",
        "rev": "11707dc2f618dd54ca8739b309ec4fc024de578b",
        "type": "github"
      },
      "original": {
        "owner": "numtide",
        "repo": "flake-utils",
        "type": "github"
      }
    },
    "nixpkgs": {
      "locked": {
        "lastModified": 1779796641,
        "narHash": "sha256-ZsIrKmhp4vbBXoXXmR/tBXA/UCsAQiJL9vsgZEduhVY=",
        "owner": "NixOS",
        "repo": "nixpkgs",
        "rev": "25f538306313eae3927264466c70d7001dcea1df",
        "type": "github"
      },
      "original": {
        "owner": "NixOS",
        "ref": "nixos-25.11",
        "repo": "nixpkgs",
        "type": "github"
      }
    },
    "nixpkgs_2": {
      "locked": {
        "lastModified": 1778869304,
        "narHash": "sha256-30sZNZoA1cqF5JNO9fVX+wgiQYjB7HJqqJ4ztCDeBZE=",
        "owner": "NixOS",
        "repo": "nixpkgs",
        "rev": "d233902339c02a9c334e7e593de68855ad26c4cb",
        "type": "github"
      },
      "original": {
        "owner": "NixOS",
        "ref": "nixos-unstable",
        "repo": "nixpkgs",
        "type": "github"
      }
    },
    "nixpkgs_3": {
      "locked": {
        "lastModified": 1776683584,
        "narHash": "sha256-NuTLMrr10Tng72hurYG8jYQ4XKK8wnpJmOGcPiis96g=",
        "owner": "NixOS",
        "repo": "nixpkgs",
        "rev": "9dd5558b06dbdacbf635a3dd36dce1b1a7ee3a89",
        "type": "github"
      },
      "original": {
        "owner": "NixOS",
        "ref": "nixpkgs-unstable",
        "repo": "nixpkgs",
        "type": "github"
      }
    },
    "opencode": {
      "inputs": {
        "nixpkgs": "nixpkgs_3"
      },
      "locked": {
        "lastModified": 1779057576,
        "narHash": "sha256-wKihq7C4TE+eXfYjt2SyYwf2nQCESvPergCgzgzA62c=",
        "owner": "anomalyco",
        "repo": "opencode",
        "rev": "49c6b46afc2815f396512b8ade2838a58785c636",
        "type": "github"
      },
      "original": {
        "owner": "anomalyco",
        "ref": "dev",
        "repo": "opencode",
        "type": "github"
      }
    },
    "root": {
      "inputs": {
        "flake-utils": "flake-utils",
        "nixpkgs": "nixpkgs",
        "rust-overlay": "rust-overlay",
        "sce": "sce"
      }
    },
    "rust-overlay": {
      "inputs": {
        "nixpkgs": [
          "nixpkgs"
        ]
      },
      "locked": {
        "lastModified": 1780024773,
        "narHash": "sha256-aU9nlrS9S+IJ2EiCzsaxzOXUhggogqTrJojBicE6Oeg=",
        "owner": "oxalica",
        "repo": "rust-overlay",
        "rev": "40b0a3a193e0840c76174b4a322874c8f6dd0a63",
        "type": "github"
      },
      "original": {
        "owner": "oxalica",
        "repo": "rust-overlay",
        "type": "github"
      }
    },
    "rust-overlay_2": {
      "inputs": {
        "nixpkgs": [
          "sce",
          "nixpkgs"
        ]
      },
      "locked": {
        "lastModified": 1778987862,
        "narHash": "sha256-V3qGt9P1eJP/r/1ONablphfGiH0RP4agQhrRANpDYx8=",
        "owner": "oxalica",
        "repo": "rust-overlay",
        "rev": "6f44d8874ac29806c8d5cae42bf8e19ebb5ce0d3",
        "type": "github"
      },
      "original": {
        "owner": "oxalica",
        "repo": "rust-overlay",
        "type": "github"
      }
    },
    "sce": {
      "inputs": {
        "crane": "crane",
        "flake-utils": "flake-utils_2",
        "nixpkgs": "nixpkgs_2",
        "opencode": "opencode",
        "opencode-nixpkgs": [
          "sce",
          "opencode",
          "nixpkgs"
        ],
        "rust-overlay": "rust-overlay_2",
        "turso": "turso"
      },
      "locked": {
        "lastModified": 1779446784,
        "narHash": "sha256-K0fWOulfO81+j+IQyYAl4ZRj3Hfm3x2+oaSN1+6M+tU=",
        "owner": "crocoder-dev",
        "repo": "shared-context-engineering",
        "rev": "a9271c9e7ec0a3ad6c99c94785429efda2045047",
        "type": "github"
      },
      "original": {
        "owner": "crocoder-dev",
        "repo": "shared-context-engineering",
        "type": "github"
      }
    },
    "systems": {
      "locked": {
        "lastModified": 1681028828,
        "narHash": "sha256-Vy1rq5AaRuLzOxct8nz4T6wlgyUR7zLU309k9mBC768=",
        "owner": "nix-systems",
        "repo": "default",
        "rev": "da67096a3b9bf56a91d16901293e51ba5b49a27e",
        "type": "github"
      },
      "original": {
        "owner": "nix-systems",
        "repo": "default",
        "type": "github"
      }
    },
    "systems_2": {
      "locked": {
        "lastModified": 1681028828,
        "narHash": "sha256-Vy1rq5AaRuLzOxct8nz4T6wlgyUR7zLU309k9mBC768=",
        "owner": "nix-systems",
        "repo": "default",
        "rev": "da67096a3b9bf56a91d16901293e51ba5b49a27e",
        "type": "github"
      },
      "original": {
        "owner": "nix-systems",
        "repo": "default",
        "type": "github"
      }
    },
    "turso": {
      "inputs": {
        "crane": [
          "sce",
          "crane"
        ],
        "flake-utils": [
          "sce",
          "flake-utils"
        ],
        "nixpkgs": [
          "sce",
          "nixpkgs"
        ],
        "rust-overlay": [
          "sce",
          "rust-overlay"
        ]
      },
      "locked": {
        "lastModified": 1778776475,
        "narHash": "sha256-uOrvQZ16TlgRFt7kiKIPMT84S07PArVdw6OWzDt7rD8=",
        "owner": "tursodatabase",
        "repo": "turso",
        "rev": "c349ca43a7eb1d68854f668c23b97a2f1791d55a",
        "type": "github"
      },
      "original": {
        "owner": "tursodatabase",
        "repo": "turso",
        "rev": "c349ca43a7eb1d68854f668c23b97a2f1791d55a",
        "type": "github"
      }
    }
  },
  "root": "root",
  "version": 7
}
